
Microsoft Visual Studio Solution File, Format Version 12.00
# Visual Studio Version 17
VisualStudioVersion = 17.0.32126.317
MinimumVisualStudioVersion = 10.0.40219.1
Project("{9A19103F-16F7-4668-BE54-9A1E7A4F7556}") = "Sheduler.RestApi", "Sheduler.RestApi\Sheduler.RestApi.csproj", "{44651966-8B2A-47BD-8F34-3D8F8AA3F0E7}"
EndProject
Project("{9A19103F-16F7-4668-BE54-9A1E7A4F7556}") = "Sheduler.Desktop", "Sheduler.Desktop\Sheduler.Desktop.csproj", "{44685866-568E-48FE-BD02-F894F92A3BD4}"
EndProject
Project("{FAE04EC0-301F-11D3-BF4B-00C04F79EFBC}") = "Sheduler.MVVM", "Sheduler.MVVM\Sheduler.MVVM.csproj", "{663C7758-B7B0-4919-8BF6-039453FA3BA0}"
EndProject
Project("{2150E333-8FDC-42A3-9474-1A3956D46DE8}") = "Desktop", "Desktop", "{60158331-E0FA-451A-B7E1-DE8410ED6DB5}"
EndProject
Project("{FAE04EC0-301F-11D3-BF4B-00C04F79EFBC}") = "Sheduler.UseCases", "Sheduler.UseCases\Sheduler.UseCases.csproj", "{6BE5E69F-AAE1-4F69-8861-53601531353F}"
EndProject
Project("{FAE04EC0-301F-11D3-BF4B-00C04F79EFBC}") = "Sheduler.Abstractions", "Sheduler.Abstractions\Sheduler.Abstractions.csproj", "{3C7D3396-9728-4941-A494-691FD8786C42}"
EndProject
Project("{FAE04EC0-301F-11D3-BF4B-00C04F79EFBC}") = "Sheduler.Implementations", "Sheduler.Implementations\Sheduler.Implementations.csproj", "{89AB10B1-3CCF-48C1-AF14-B73467DB9BCC}"
EndProject
Global
	GlobalSection(SolutionConfigurationPlatforms) = preSolution
		Debug|Any CPU = Debug|Any CPU
		Release|Any CPU = Release|Any CPU
	EndGlobalSection
	GlobalSection(ProjectConfigurationPlatforms) = postSolution
		{44651966-8B2A-47BD-8F34-3D8F8AA3F0E7}.Debug|Any CPU.ActiveCfg = Debug|Any CPU
		{44651966-8B2A-47BD-8F34-3D8F8AA3F0E7}.Debug|Any CPU.Build.0 = Debug|Any CPU
		{44651966-8B2A-47BD-8F34-3D8F8AA3F0E7}.Release|Any CPU.ActiveCfg = Release|Any CPU
		{44651966-8B2A-47BD-8F34-3D8F8AA3F0E7}.Release|Any CPU.Build.0 = Release|Any CPU
		{44685866-568E-48FE-BD02-F894F92A3BD4}.Debug|Any CPU.ActiveCfg = Debug|Any CPU
		{44685866-568E-48FE-BD02-F894F92A3BD4}.Debug|Any CPU.Build.0 = Debug|Any CPU
		{44685866-568E-48FE-BD02-F894F92A3BD4}.Release|Any CPU.ActiveCfg = Release|Any CPU
		{44685866-568E-48FE-BD02-F894F92A3BD4}.Release|Any CPU.Build.0 = Release|Any CPU
		{663C7758-B7B0-4919-8BF6-039453FA3BA0}.Debug|Any CPU.ActiveCfg = Debug|Any CPU
		{663C7758-B7B0-4919-8BF6-039453FA3BA0}.Debug|Any CPU.Build.0 = Debug|Any CPU
		{663C7758-B7B0-4919-8BF6-039453FA3BA0}.Release|Any CPU.ActiveCfg = Release|Any CPU
		{663C7758-B7B0-4919-8BF6-039453FA3BA0}.Release|Any CPU.Build.0 = Release|Any CPU
		{6BE5E69F-AAE1-4F69-8861-53601531353F}.Debug|Any CPU.ActiveCfg = Debug|Any CPU
		{6BE5E69F-AAE1-4F69-8861-53601531353F}.Debug|Any CPU.Build.0 = Debug|Any CPU
		{6BE5E69F-AAE1-4F69-8861-53601531353F}.Release|Any CPU.ActiveCfg = Release|Any CPU
		{6BE5E69F-AAE1-4F69-8861-53601531353F}.Release|Any CPU.Build.0 = Release|Any CPU
		{3C7D3396-9728-4941-A494-691FD8786C42}.Debug|Any CPU.ActiveCfg = Debug|Any CPU
		{3C7D3396-9728-4941-A494-691FD8786C42}.Debug|Any CPU.Build.0 = Debug|Any CPU
		{3C7D3396-9728-4941-A494-691FD8786C42}.Release|Any CPU.ActiveCfg = Release|Any CPU
		{3C7D3396-9728-4941-A494-691FD8786C42}.Release|Any CPU.Build.0 = Release|Any CPU
		{89AB10B1-3CCF-48C1-AF14-B73467DB9BCC}.Debug|Any CPU.ActiveCfg = Debug|Any CPU
		{89AB10B1-3CCF-48C1-AF14-B73467DB9BCC}.Debug|Any CPU.Build.0 = Debug|Any CPU
		{89AB10B1-3CCF-48C1-AF14-B73467DB9BCC}.Release|Any CPU.ActiveCfg = Release|Any CPU
		{89AB10B1-3CCF-48C1-AF14-B73467DB9BCC}.Release|Any CPU.Build.0 = Release|Any CPU
	EndGlobalSection
	GlobalSection(SolutionProperties) = preSolution
		HideSolutionNode = FALSE
	EndGlobalSection
	GlobalSection(NestedProjects) = preSolution
		{44685866-568E-48FE-BD02-F894F92A3BD4} = {60158331-E0FA-451A-B7E1-DE8410ED6DB5}
		{663C7758-B7B0-4919-8BF6-039453FA3BA0} = {60158331-E0FA-451A-B7E1-DE8410ED6DB5}
		{6BE5E69F-AAE1-4F69-8861-53601531353F} = {60158331-E0FA-451A-B7E1-DE8410ED6DB5}
		{3C7D3396-9728-4941-A494-691FD8786C42} = {60158331-E0FA-451A-B7E1-DE8410ED6DB5}
		{89AB10B1-3CCF-48C1-AF14-B73467DB9BCC} = {60158331-E0FA-451A-B7E1-DE8410ED6DB5}
	EndGlobalSection
	GlobalSection(ExtensibilityGlobals) = postSolution
		SolutionGuid = {9A383485-70A5-48ED-8CB8-FDE1D61EB798}
	EndGlobalSection
EndGlobal
