
Microsoft Visual Studio Solution File, Format Version 12.00
# Visual Studio Version 17
VisualStudioVersion = 17.0.32126.317
MinimumVisualStudioVersion = 10.0.40219.1
Project("{9A19103F-16F7-4668-BE54-9A1E7A4F7556}") = "Sheduler.RestApi", "Sheduler.RestApi\Sheduler.RestApi.csproj", "{44651966-8B2A-47BD-8F34-3D8F8AA3F0E7}"
EndProject
Project("{FAE04EC0-301F-11D3-BF4B-00C04F79EFBC}") = "Sheduler.Desktop", "Sheduler.Desktop\Sheduler.Desktop.csproj", "{44685866-568E-48FE-BD02-F894F92A3BD4}"
EndProject
Global
	GlobalSection(SolutionConfigurationPlatforms) = preSolution
		Debug|Any CPU = Debug|Any CPU
		Release|Any CPU = Release|Any CPU
	EndGlobalSection
	GlobalSection(ProjectConfigurationPlatforms) = postSolution
		{44651966-8B2A-47BD-8F34-3D8F8AA3F0E7}.Debug|Any CPU.ActiveCfg = Debug|Any CPU
		{44651966-8B2A-47BD-8F34-3D8F8AA3F0E7}.Debug|Any CPU.Build.0 = Debug|Any CPU
		{44651966-8B2A-47BD-8F34-3D8F8AA3F0E7}.Release|Any CPU.ActiveCfg = Release|Any CPU
		{44651966-8B2A-47BD-8F34-3D8F8AA3F0E7}.Release|Any CPU.Build.0 = Release|Any CPU
		{44685866-568E-48FE-BD02-F894F92A3BD4}.Debug|Any CPU.ActiveCfg = Debug|Any CPU
		{44685866-568E-48FE-BD02-F894F92A3BD4}.Debug|Any CPU.Build.0 = Debug|Any CPU
		{44685866-568E-48FE-BD02-F894F92A3BD4}.Release|Any CPU.ActiveCfg = Release|Any CPU
		{44685866-568E-48FE-BD02-F894F92A3BD4}.Release|Any CPU.Build.0 = Release|Any CPU
	EndGlobalSection
	GlobalSection(SolutionProperties) = preSolution
		HideSolutionNode = FALSE
	EndGlobalSection
	GlobalSection(ExtensibilityGlobals) = postSolution
		SolutionGuid = {9A383485-70A5-48ED-8CB8-FDE1D61EB798}
	EndGlobalSection
EndGlobal
